
Microsoft Visual Studio Solution File, Format Version 12.00
# Visual Studio Version 17
VisualStudioVersion = 17.8.34330.188
MinimumVisualStudioVersion = 10.0.40219.1
Project("{FAE04EC0-301F-11D3-BF4B-00C04F79EFBC}") = "CdAudioLib", "CdAudioLib\CdAudioLib.csproj", "{1BCD28C2-5BB7-4985-BB00-2BEBD03BFD3F}"
EndProject
Project("{FAE04EC0-301F-11D3-BF4B-00C04F79EFBC}") = "CdAudioWpfUi", "CdAudioWpfUi\CdAudioWpfUi.csproj", "{CA6336EB-303A-4975-8F42-D3323B2AA02F}"
EndProject
Global
	GlobalSection(SolutionConfigurationPlatforms) = preSolution
		Debug|Any CPU = Debug|Any CPU
		Release|Any CPU = Release|Any CPU
	EndGlobalSection
	GlobalSection(ProjectConfigurationPlatforms) = postSolution
		{1BCD28C2-5BB7-4985-BB00-2BEBD03BFD3F}.Debug|Any CPU.ActiveCfg = Debug|Any CPU
		{1BCD28C2-5BB7-4985-BB00-2BEBD03BFD3F}.Debug|Any CPU.Build.0 = Debug|Any CPU
		{1BCD28C2-5BB7-4985-BB00-2BEBD03BFD3F}.Release|Any CPU.ActiveCfg = Release|Any CPU
		{1BCD28C2-5BB7-4985-BB00-2BEBD03BFD3F}.Release|Any CPU.Build.0 = Release|Any CPU
		{CA6336EB-303A-4975-8F42-D3323B2AA02F}.Debug|Any CPU.ActiveCfg = Debug|Any CPU
		{CA6336EB-303A-4975-8F42-D3323B2AA02F}.Debug|Any CPU.Build.0 = Debug|Any CPU
		{CA6336EB-303A-4975-8F42-D3323B2AA02F}.Release|Any CPU.ActiveCfg = Release|Any CPU
		{CA6336EB-303A-4975-8F42-D3323B2AA02F}.Release|Any CPU.Build.0 = Release|Any CPU
	EndGlobalSection
	GlobalSection(SolutionProperties) = preSolution
		HideSolutionNode = FALSE
	EndGlobalSection
	GlobalSection(ExtensibilityGlobals) = postSolution
		SolutionGuid = {D37ADFA3-A0D8-4627-9305-A5932069884D}
	EndGlobalSection
EndGlobal
